
Microsoft Visual Studio Solution File, Format Version 12.00
# Visual Studio Version 17
VisualStudioVersion = 17.7.34024.191
MinimumVisualStudioVersion = 10.0.40219.1
Project("{FAE04EC0-301F-11D3-BF4B-00C04F79EFBC}") = "TestRunnerACAD", "TestRunnerACAD\TestRunnerACAD.csproj", "{E63BEBF1-521B-4665-ADAE-C55E1C4898CE}"
EndProject
Project("{FAE04EC0-301F-11D3-BF4B-00C04F79EFBC}") = "ACADTests", "ACADTests\ACADTests.csproj", "{0D9B48BE-20B0-4C41-880D-A42B2A491218}"
EndProject
Project("{FAE04EC0-301F-11D3-BF4B-00C04F79EFBC}") = "ACADReferenceCodes", "ACADReferenceCodes\ACADReferenceCodes.csproj", "{A1D4E5CA-1012-40BF-919B-027DF94AA045}"
EndProject
Project("{FAE04EC0-301F-11D3-BF4B-00C04F79EFBC}") = "CADAddins", "CADAddins\CADAddins.csproj", "{939D79C6-A85B-42CA-8873-406C9AA56A94}"
EndProject
Project("{FAE04EC0-301F-11D3-BF4B-00C04F79EFBC}") = "ACADBase", "ACADBase\ACADBase.csproj", "{BE20882C-1C31-4005-A734-64DB8F050F90}"
EndProject
Project("{FAE04EC0-301F-11D3-BF4B-00C04F79EFBC}") = "CommonUtils", "CommonUtils\CommonUtils.csproj", "{486D3F43-EF27-4F68-8EDE-3DF2E6C546D6}"
EndProject
Global
	GlobalSection(SolutionConfigurationPlatforms) = preSolution
		AcConsoleTest|Any CPU = AcConsoleTest|Any CPU
		AcConsoleTest|x64 = AcConsoleTest|x64
		ApplicationTest|Any CPU = ApplicationTest|Any CPU
		ApplicationTest|x64 = ApplicationTest|x64
		Release|Any CPU = Release|Any CPU
		Release|x64 = Release|x64
	EndGlobalSection
	GlobalSection(ProjectConfigurationPlatforms) = postSolution
		{E63BEBF1-521B-4665-ADAE-C55E1C4898CE}.AcConsoleTest|Any CPU.ActiveCfg = AcConsoleTest|Any CPU
		{E63BEBF1-521B-4665-ADAE-C55E1C4898CE}.AcConsoleTest|Any CPU.Build.0 = AcConsoleTest|Any CPU
		{E63BEBF1-521B-4665-ADAE-C55E1C4898CE}.AcConsoleTest|x64.ActiveCfg = AcConsoleTest|x64
		{E63BEBF1-521B-4665-ADAE-C55E1C4898CE}.AcConsoleTest|x64.Build.0 = AcConsoleTest|x64
		{E63BEBF1-521B-4665-ADAE-C55E1C4898CE}.ApplicationTest|Any CPU.ActiveCfg = ApplicationTest|Any CPU
		{E63BEBF1-521B-4665-ADAE-C55E1C4898CE}.ApplicationTest|Any CPU.Build.0 = ApplicationTest|Any CPU
		{E63BEBF1-521B-4665-ADAE-C55E1C4898CE}.ApplicationTest|x64.ActiveCfg = ApplicationTest|x64
		{E63BEBF1-521B-4665-ADAE-C55E1C4898CE}.ApplicationTest|x64.Build.0 = ApplicationTest|x64
		{E63BEBF1-521B-4665-ADAE-C55E1C4898CE}.Release|Any CPU.ActiveCfg = Release|Any CPU
		{E63BEBF1-521B-4665-ADAE-C55E1C4898CE}.Release|Any CPU.Build.0 = Release|Any CPU
		{E63BEBF1-521B-4665-ADAE-C55E1C4898CE}.Release|x64.ActiveCfg = Release|x64
		{E63BEBF1-521B-4665-ADAE-C55E1C4898CE}.Release|x64.Build.0 = Release|x64
		{0D9B48BE-20B0-4C41-880D-A42B2A491218}.AcConsoleTest|Any CPU.ActiveCfg = AcConsoleTest|Any CPU
		{0D9B48BE-20B0-4C41-880D-A42B2A491218}.AcConsoleTest|Any CPU.Build.0 = AcConsoleTest|Any CPU
		{0D9B48BE-20B0-4C41-880D-A42B2A491218}.AcConsoleTest|x64.ActiveCfg = AcConsoleTest|x64
		{0D9B48BE-20B0-4C41-880D-A42B2A491218}.AcConsoleTest|x64.Build.0 = AcConsoleTest|x64
		{0D9B48BE-20B0-4C41-880D-A42B2A491218}.ApplicationTest|Any CPU.ActiveCfg = ApplicationTest|Any CPU
		{0D9B48BE-20B0-4C41-880D-A42B2A491218}.ApplicationTest|Any CPU.Build.0 = ApplicationTest|Any CPU
		{0D9B48BE-20B0-4C41-880D-A42B2A491218}.ApplicationTest|x64.ActiveCfg = ApplicationTest|x64
		{0D9B48BE-20B0-4C41-880D-A42B2A491218}.ApplicationTest|x64.Build.0 = ApplicationTest|x64
		{0D9B48BE-20B0-4C41-880D-A42B2A491218}.Release|Any CPU.ActiveCfg = Release|Any CPU
		{0D9B48BE-20B0-4C41-880D-A42B2A491218}.Release|Any CPU.Build.0 = Release|Any CPU
		{0D9B48BE-20B0-4C41-880D-A42B2A491218}.Release|x64.ActiveCfg = Release|x64
		{A1D4E5CA-1012-40BF-919B-027DF94AA045}.AcConsoleTest|Any CPU.ActiveCfg = AcConsoleTest|Any CPU
		{A1D4E5CA-1012-40BF-919B-027DF94AA045}.AcConsoleTest|Any CPU.Build.0 = AcConsoleTest|Any CPU
		{A1D4E5CA-1012-40BF-919B-027DF94AA045}.AcConsoleTest|x64.ActiveCfg = AcConsoleTest|x64
		{A1D4E5CA-1012-40BF-919B-027DF94AA045}.AcConsoleTest|x64.Build.0 = AcConsoleTest|x64
		{A1D4E5CA-1012-40BF-919B-027DF94AA045}.ApplicationTest|Any CPU.ActiveCfg = ApplicationTest|Any CPU
		{A1D4E5CA-1012-40BF-919B-027DF94AA045}.ApplicationTest|Any CPU.Build.0 = ApplicationTest|Any CPU
		{A1D4E5CA-1012-40BF-919B-027DF94AA045}.ApplicationTest|x64.ActiveCfg = ApplicationTest|x64
		{A1D4E5CA-1012-40BF-919B-027DF94AA045}.ApplicationTest|x64.Build.0 = ApplicationTest|x64
		{A1D4E5CA-1012-40BF-919B-027DF94AA045}.Release|Any CPU.ActiveCfg = Release|Any CPU
		{A1D4E5CA-1012-40BF-919B-027DF94AA045}.Release|Any CPU.Build.0 = Release|Any CPU
		{A1D4E5CA-1012-40BF-919B-027DF94AA045}.Release|x64.ActiveCfg = Release|x64
		{A1D4E5CA-1012-40BF-919B-027DF94AA045}.Release|x64.Build.0 = Release|x64
		{939D79C6-A85B-42CA-8873-406C9AA56A94}.AcConsoleTest|Any CPU.ActiveCfg = AcConsoleTest|Any CPU
		{939D79C6-A85B-42CA-8873-406C9AA56A94}.AcConsoleTest|Any CPU.Build.0 = AcConsoleTest|Any CPU
		{939D79C6-A85B-42CA-8873-406C9AA56A94}.AcConsoleTest|x64.ActiveCfg = AcConsoleTest|x64
		{939D79C6-A85B-42CA-8873-406C9AA56A94}.AcConsoleTest|x64.Build.0 = AcConsoleTest|x64
		{939D79C6-A85B-42CA-8873-406C9AA56A94}.ApplicationTest|Any CPU.ActiveCfg = ApplicationTest|Any CPU
		{939D79C6-A85B-42CA-8873-406C9AA56A94}.ApplicationTest|Any CPU.Build.0 = ApplicationTest|Any CPU
		{939D79C6-A85B-42CA-8873-406C9AA56A94}.ApplicationTest|x64.ActiveCfg = ApplicationTest|x64
		{939D79C6-A85B-42CA-8873-406C9AA56A94}.ApplicationTest|x64.Build.0 = ApplicationTest|x64
		{939D79C6-A85B-42CA-8873-406C9AA56A94}.Release|Any CPU.ActiveCfg = Release|Any CPU
		{939D79C6-A85B-42CA-8873-406C9AA56A94}.Release|Any CPU.Build.0 = Release|Any CPU
		{939D79C6-A85B-42CA-8873-406C9AA56A94}.Release|x64.ActiveCfg = Release|x64
		{939D79C6-A85B-42CA-8873-406C9AA56A94}.Release|x64.Build.0 = Release|x64
		{BE20882C-1C31-4005-A734-64DB8F050F90}.AcConsoleTest|Any CPU.ActiveCfg = AcConsoleTest|Any CPU
		{BE20882C-1C31-4005-A734-64DB8F050F90}.AcConsoleTest|Any CPU.Build.0 = AcConsoleTest|Any CPU
		{BE20882C-1C31-4005-A734-64DB8F050F90}.AcConsoleTest|x64.ActiveCfg = AcConsoleTest|x64
		{BE20882C-1C31-4005-A734-64DB8F050F90}.AcConsoleTest|x64.Build.0 = AcConsoleTest|x64
		{BE20882C-1C31-4005-A734-64DB8F050F90}.ApplicationTest|Any CPU.ActiveCfg = ApplicationTest|Any CPU
		{BE20882C-1C31-4005-A734-64DB8F050F90}.ApplicationTest|Any CPU.Build.0 = ApplicationTest|Any CPU
		{BE20882C-1C31-4005-A734-64DB8F050F90}.ApplicationTest|x64.ActiveCfg = ApplicationTest|x64
		{BE20882C-1C31-4005-A734-64DB8F050F90}.ApplicationTest|x64.Build.0 = ApplicationTest|x64
		{BE20882C-1C31-4005-A734-64DB8F050F90}.Release|Any CPU.ActiveCfg = Release|Any CPU
		{BE20882C-1C31-4005-A734-64DB8F050F90}.Release|Any CPU.Build.0 = Release|Any CPU
		{BE20882C-1C31-4005-A734-64DB8F050F90}.Release|x64.ActiveCfg = Release|x64
		{BE20882C-1C31-4005-A734-64DB8F050F90}.Release|x64.Build.0 = Release|x64
		{486D3F43-EF27-4F68-8EDE-3DF2E6C546D6}.AcConsoleTest|Any CPU.ActiveCfg = AcConsoleTest|Any CPU
		{486D3F43-EF27-4F68-8EDE-3DF2E6C546D6}.AcConsoleTest|Any CPU.Build.0 = AcConsoleTest|Any CPU
		{486D3F43-EF27-4F68-8EDE-3DF2E6C546D6}.AcConsoleTest|x64.ActiveCfg = AcConsoleTest|x64
		{486D3F43-EF27-4F68-8EDE-3DF2E6C546D6}.AcConsoleTest|x64.Build.0 = AcConsoleTest|x64
		{486D3F43-EF27-4F68-8EDE-3DF2E6C546D6}.ApplicationTest|Any CPU.ActiveCfg = ApplicationTest|Any CPU
		{486D3F43-EF27-4F68-8EDE-3DF2E6C546D6}.ApplicationTest|Any CPU.Build.0 = ApplicationTest|Any CPU
		{486D3F43-EF27-4F68-8EDE-3DF2E6C546D6}.ApplicationTest|x64.ActiveCfg = ApplicationTest|x64
		{486D3F43-EF27-4F68-8EDE-3DF2E6C546D6}.ApplicationTest|x64.Build.0 = ApplicationTest|x64
		{486D3F43-EF27-4F68-8EDE-3DF2E6C546D6}.Release|Any CPU.ActiveCfg = Release|Any CPU
		{486D3F43-EF27-4F68-8EDE-3DF2E6C546D6}.Release|Any CPU.Build.0 = Release|Any CPU
		{486D3F43-EF27-4F68-8EDE-3DF2E6C546D6}.Release|x64.ActiveCfg = Release|x64
		{486D3F43-EF27-4F68-8EDE-3DF2E6C546D6}.Release|x64.Build.0 = Release|x64
	EndGlobalSection
	GlobalSection(SolutionProperties) = preSolution
		HideSolutionNode = FALSE
	EndGlobalSection
	GlobalSection(ExtensibilityGlobals) = postSolution
		SolutionGuid = {1B378C78-04E6-464B-8D52-2A677AE39A6E}
	EndGlobalSection
EndGlobal
