
Microsoft Visual Studio Solution File, Format Version 12.00
# Visual Studio Version 17
VisualStudioVersion = 17.7.34024.191
MinimumVisualStudioVersion = 10.0.40219.1
Project("{FAE04EC0-301F-11D3-BF4B-00C04F79EFBC}") = "TestRunnerACAD", "TestRunnerACAD\TestRunnerACAD.csproj", "{E63BEBF1-521B-4665-ADAE-C55E1C4898CE}"
EndProject
Project("{FAE04EC0-301F-11D3-BF4B-00C04F79EFBC}") = "ACADTests", "ACADTests\ACADTests.csproj", "{0D9B48BE-20B0-4C41-880D-A42B2A491218}"
EndProject
Project("{FAE04EC0-301F-11D3-BF4B-00C04F79EFBC}") = "CommonUtils", "CommonUtils\CommonUtils.csproj", "{C868F6F9-7EFB-4925-9D71-34E8DF45E2B4}"
EndProject
Project("{FAE04EC0-301F-11D3-BF4B-00C04F79EFBC}") = "ACADCommands", "ACADCommands\ACADCommands.csproj", "{12A20F62-2EB7-488E-9F75-6FF86D490B03}"
EndProject
Project("{FAE04EC0-301F-11D3-BF4B-00C04F79EFBC}") = "PreviousDevelopmentToRefactor", "PreviousDevelopmentToRefactor\PreviousDevelopmentToRefactor.csproj", "{54F49BDF-AFB3-4CFC-85B3-8BB3A9E63870}"
EndProject
Project("{FAE04EC0-301F-11D3-BF4B-00C04F79EFBC}") = "ACADReferenceCodes", "ACADReferenceCodes\ACADReferenceCodes.csproj", "{A1D4E5CA-1012-40BF-919B-027DF94AA045}"
EndProject
Project("{FAE04EC0-301F-11D3-BF4B-00C04F79EFBC}") = "Domain", "Domain\Domain.csproj", "{3A27A9FA-9878-4FA2-8E38-CB9BC045E46D}"
EndProject
Global
	GlobalSection(SolutionConfigurationPlatforms) = preSolution
		ACADAppTest|Any CPU = ACADAppTest|Any CPU
		ACADAppTest|x64 = ACADAppTest|x64
		Debug|Any CPU = Debug|Any CPU
		Debug|x64 = Debug|x64
		Release|Any CPU = Release|Any CPU
		Release|x64 = Release|x64
	EndGlobalSection
	GlobalSection(ProjectConfigurationPlatforms) = postSolution
		{E63BEBF1-521B-4665-ADAE-C55E1C4898CE}.ACADAppTest|Any CPU.ActiveCfg = Release|Any CPU
		{E63BEBF1-521B-4665-ADAE-C55E1C4898CE}.ACADAppTest|Any CPU.Build.0 = Release|Any CPU
		{E63BEBF1-521B-4665-ADAE-C55E1C4898CE}.ACADAppTest|x64.ActiveCfg = Debug|x64
		{E63BEBF1-521B-4665-ADAE-C55E1C4898CE}.ACADAppTest|x64.Build.0 = Debug|x64
		{E63BEBF1-521B-4665-ADAE-C55E1C4898CE}.Debug|Any CPU.ActiveCfg = Debug|Any CPU
		{E63BEBF1-521B-4665-ADAE-C55E1C4898CE}.Debug|Any CPU.Build.0 = Debug|Any CPU
		{E63BEBF1-521B-4665-ADAE-C55E1C4898CE}.Debug|x64.ActiveCfg = Debug|x64
		{E63BEBF1-521B-4665-ADAE-C55E1C4898CE}.Debug|x64.Build.0 = Debug|x64
		{E63BEBF1-521B-4665-ADAE-C55E1C4898CE}.Release|Any CPU.ActiveCfg = Release|Any CPU
		{E63BEBF1-521B-4665-ADAE-C55E1C4898CE}.Release|Any CPU.Build.0 = Release|Any CPU
		{E63BEBF1-521B-4665-ADAE-C55E1C4898CE}.Release|x64.ActiveCfg = Release|x64
		{E63BEBF1-521B-4665-ADAE-C55E1C4898CE}.Release|x64.Build.0 = Release|x64
		{0D9B48BE-20B0-4C41-880D-A42B2A491218}.ACADAppTest|Any CPU.ActiveCfg = Release|Any CPU
		{0D9B48BE-20B0-4C41-880D-A42B2A491218}.ACADAppTest|x64.ActiveCfg = Debug|x64
		{0D9B48BE-20B0-4C41-880D-A42B2A491218}.ACADAppTest|x64.Build.0 = Debug|x64
		{0D9B48BE-20B0-4C41-880D-A42B2A491218}.Debug|Any CPU.ActiveCfg = Debug|Any CPU
		{0D9B48BE-20B0-4C41-880D-A42B2A491218}.Debug|Any CPU.Build.0 = Debug|Any CPU
		{0D9B48BE-20B0-4C41-880D-A42B2A491218}.Debug|x64.ActiveCfg = Debug|x64
		{0D9B48BE-20B0-4C41-880D-A42B2A491218}.Release|Any CPU.ActiveCfg = Release|Any CPU
		{0D9B48BE-20B0-4C41-880D-A42B2A491218}.Release|Any CPU.Build.0 = Release|Any CPU
		{0D9B48BE-20B0-4C41-880D-A42B2A491218}.Release|x64.ActiveCfg = Release|x64
		{C868F6F9-7EFB-4925-9D71-34E8DF45E2B4}.ACADAppTest|Any CPU.ActiveCfg = ACADConsoleTest|Any CPU
		{C868F6F9-7EFB-4925-9D71-34E8DF45E2B4}.ACADAppTest|Any CPU.Build.0 = ACADConsoleTest|Any CPU
		{C868F6F9-7EFB-4925-9D71-34E8DF45E2B4}.ACADAppTest|x64.ActiveCfg = ACADConsoleTest|x64
		{C868F6F9-7EFB-4925-9D71-34E8DF45E2B4}.ACADAppTest|x64.Build.0 = ACADConsoleTest|x64
		{C868F6F9-7EFB-4925-9D71-34E8DF45E2B4}.Debug|Any CPU.ActiveCfg = Debug|Any CPU
		{C868F6F9-7EFB-4925-9D71-34E8DF45E2B4}.Debug|Any CPU.Build.0 = Debug|Any CPU
		{C868F6F9-7EFB-4925-9D71-34E8DF45E2B4}.Debug|x64.ActiveCfg = Debug|x64
		{C868F6F9-7EFB-4925-9D71-34E8DF45E2B4}.Debug|x64.Build.0 = Debug|x64
		{C868F6F9-7EFB-4925-9D71-34E8DF45E2B4}.Release|Any CPU.ActiveCfg = Release|Any CPU
		{C868F6F9-7EFB-4925-9D71-34E8DF45E2B4}.Release|Any CPU.Build.0 = Release|Any CPU
		{C868F6F9-7EFB-4925-9D71-34E8DF45E2B4}.Release|x64.ActiveCfg = Release|x64
		{C868F6F9-7EFB-4925-9D71-34E8DF45E2B4}.Release|x64.Build.0 = Release|x64
		{12A20F62-2EB7-488E-9F75-6FF86D490B03}.ACADAppTest|Any CPU.ActiveCfg = ACADConsoleTest|Any CPU
		{12A20F62-2EB7-488E-9F75-6FF86D490B03}.ACADAppTest|Any CPU.Build.0 = ACADConsoleTest|Any CPU
		{12A20F62-2EB7-488E-9F75-6FF86D490B03}.ACADAppTest|x64.ActiveCfg = ACADConsoleTest|x64
		{12A20F62-2EB7-488E-9F75-6FF86D490B03}.ACADAppTest|x64.Build.0 = ACADConsoleTest|x64
		{12A20F62-2EB7-488E-9F75-6FF86D490B03}.Debug|Any CPU.ActiveCfg = Debug|Any CPU
		{12A20F62-2EB7-488E-9F75-6FF86D490B03}.Debug|Any CPU.Build.0 = Debug|Any CPU
		{12A20F62-2EB7-488E-9F75-6FF86D490B03}.Debug|x64.ActiveCfg = Debug|x64
		{12A20F62-2EB7-488E-9F75-6FF86D490B03}.Debug|x64.Build.0 = Debug|x64
		{12A20F62-2EB7-488E-9F75-6FF86D490B03}.Release|Any CPU.ActiveCfg = Release|Any CPU
		{12A20F62-2EB7-488E-9F75-6FF86D490B03}.Release|Any CPU.Build.0 = Release|Any CPU
		{12A20F62-2EB7-488E-9F75-6FF86D490B03}.Release|x64.ActiveCfg = Release|x64
		{12A20F62-2EB7-488E-9F75-6FF86D490B03}.Release|x64.Build.0 = Release|x64
		{54F49BDF-AFB3-4CFC-85B3-8BB3A9E63870}.ACADAppTest|Any CPU.ActiveCfg = ACADConsoleTest|Any CPU
		{54F49BDF-AFB3-4CFC-85B3-8BB3A9E63870}.ACADAppTest|Any CPU.Build.0 = ACADConsoleTest|Any CPU
		{54F49BDF-AFB3-4CFC-85B3-8BB3A9E63870}.ACADAppTest|x64.ActiveCfg = ACADConsoleTest|x64
		{54F49BDF-AFB3-4CFC-85B3-8BB3A9E63870}.ACADAppTest|x64.Build.0 = ACADConsoleTest|x64
		{54F49BDF-AFB3-4CFC-85B3-8BB3A9E63870}.Debug|Any CPU.ActiveCfg = Debug|Any CPU
		{54F49BDF-AFB3-4CFC-85B3-8BB3A9E63870}.Debug|Any CPU.Build.0 = Debug|Any CPU
		{54F49BDF-AFB3-4CFC-85B3-8BB3A9E63870}.Debug|x64.ActiveCfg = Debug|x64
		{54F49BDF-AFB3-4CFC-85B3-8BB3A9E63870}.Debug|x64.Build.0 = Debug|x64
		{54F49BDF-AFB3-4CFC-85B3-8BB3A9E63870}.Release|Any CPU.ActiveCfg = Release|Any CPU
		{54F49BDF-AFB3-4CFC-85B3-8BB3A9E63870}.Release|Any CPU.Build.0 = Release|Any CPU
		{54F49BDF-AFB3-4CFC-85B3-8BB3A9E63870}.Release|x64.ActiveCfg = Release|x64
		{54F49BDF-AFB3-4CFC-85B3-8BB3A9E63870}.Release|x64.Build.0 = Release|x64
		{A1D4E5CA-1012-40BF-919B-027DF94AA045}.ACADAppTest|Any CPU.ActiveCfg = ACADConsoleTest|Any CPU
		{A1D4E5CA-1012-40BF-919B-027DF94AA045}.ACADAppTest|Any CPU.Build.0 = ACADConsoleTest|Any CPU
		{A1D4E5CA-1012-40BF-919B-027DF94AA045}.ACADAppTest|x64.ActiveCfg = Debug|x64
		{A1D4E5CA-1012-40BF-919B-027DF94AA045}.ACADAppTest|x64.Build.0 = Debug|x64
		{A1D4E5CA-1012-40BF-919B-027DF94AA045}.Debug|Any CPU.ActiveCfg = Debug|Any CPU
		{A1D4E5CA-1012-40BF-919B-027DF94AA045}.Debug|Any CPU.Build.0 = Debug|Any CPU
		{A1D4E5CA-1012-40BF-919B-027DF94AA045}.Debug|x64.ActiveCfg = Debug|x64
		{A1D4E5CA-1012-40BF-919B-027DF94AA045}.Debug|x64.Build.0 = Debug|x64
		{A1D4E5CA-1012-40BF-919B-027DF94AA045}.Release|Any CPU.ActiveCfg = Release|Any CPU
		{A1D4E5CA-1012-40BF-919B-027DF94AA045}.Release|Any CPU.Build.0 = Release|Any CPU
		{A1D4E5CA-1012-40BF-919B-027DF94AA045}.Release|x64.ActiveCfg = Release|x64
		{A1D4E5CA-1012-40BF-919B-027DF94AA045}.Release|x64.Build.0 = Release|x64
		{3A27A9FA-9878-4FA2-8E38-CB9BC045E46D}.ACADAppTest|Any CPU.ActiveCfg = Debug|Any CPU
		{3A27A9FA-9878-4FA2-8E38-CB9BC045E46D}.ACADAppTest|Any CPU.Build.0 = Debug|Any CPU
		{3A27A9FA-9878-4FA2-8E38-CB9BC045E46D}.ACADAppTest|x64.ActiveCfg = Debug|x64
		{3A27A9FA-9878-4FA2-8E38-CB9BC045E46D}.ACADAppTest|x64.Build.0 = Debug|x64
		{3A27A9FA-9878-4FA2-8E38-CB9BC045E46D}.Debug|Any CPU.ActiveCfg = Debug|Any CPU
		{3A27A9FA-9878-4FA2-8E38-CB9BC045E46D}.Debug|Any CPU.Build.0 = Debug|Any CPU
		{3A27A9FA-9878-4FA2-8E38-CB9BC045E46D}.Debug|x64.ActiveCfg = Debug|x64
		{3A27A9FA-9878-4FA2-8E38-CB9BC045E46D}.Debug|x64.Build.0 = Debug|x64
		{3A27A9FA-9878-4FA2-8E38-CB9BC045E46D}.Release|Any CPU.ActiveCfg = Release|Any CPU
		{3A27A9FA-9878-4FA2-8E38-CB9BC045E46D}.Release|Any CPU.Build.0 = Release|Any CPU
		{3A27A9FA-9878-4FA2-8E38-CB9BC045E46D}.Release|x64.ActiveCfg = Release|x64
		{3A27A9FA-9878-4FA2-8E38-CB9BC045E46D}.Release|x64.Build.0 = Release|x64
	EndGlobalSection
	GlobalSection(SolutionProperties) = preSolution
		HideSolutionNode = FALSE
	EndGlobalSection
	GlobalSection(ExtensibilityGlobals) = postSolution
		SolutionGuid = {1B378C78-04E6-464B-8D52-2A677AE39A6E}
	EndGlobalSection
EndGlobal
