
Microsoft Visual Studio Solution File, Format Version 12.00
# Visual Studio Version 17
VisualStudioVersion = 17.7.34024.191
MinimumVisualStudioVersion = 10.0.40219.1
Project("{FAE04EC0-301F-11D3-BF4B-00C04F79EFBC}") = "TestRunnerACAD", "TestRunnerACAD\TestRunnerACAD.csproj", "{E63BEBF1-521B-4665-ADAE-C55E1C4898CE}"
EndProject
Project("{FAE04EC0-301F-11D3-BF4B-00C04F79EFBC}") = "ACADTests", "ACADTests\ACADTests.csproj", "{0D9B48BE-20B0-4C41-880D-A42B2A491218}"
EndProject
Project("{FAE04EC0-301F-11D3-BF4B-00C04F79EFBC}") = "ACADReferenceCodes", "ACADReferenceCodes\ACADReferenceCodes.csproj", "{A1D4E5CA-1012-40BF-919B-027DF94AA045}"
EndProject
Project("{FAE04EC0-301F-11D3-BF4B-00C04F79EFBC}") = "CADAddins", "CADAddins\CADAddins.csproj", "{939D79C6-A85B-42CA-8873-406C9AA56A94}"
EndProject
Project("{FAE04EC0-301F-11D3-BF4B-00C04F79EFBC}") = "General", "General\General.csproj", "{B27C5FF7-B35B-4407-9036-392E16613560}"
EndProject
Global
	GlobalSection(SolutionConfigurationPlatforms) = preSolution
		ACADAppTest|Any CPU = ACADAppTest|Any CPU
		ACADAppTest|x64 = ACADAppTest|x64
		AppTest|Any CPU = AppTest|Any CPU
		AppTest|x64 = AppTest|x64
		Debug|Any CPU = Debug|Any CPU
		Debug|x64 = Debug|x64
		Release|Any CPU = Release|Any CPU
		Release|x64 = Release|x64
	EndGlobalSection
	GlobalSection(ProjectConfigurationPlatforms) = postSolution
		{E63BEBF1-521B-4665-ADAE-C55E1C4898CE}.ACADAppTest|Any CPU.ActiveCfg = Release|Any CPU
		{E63BEBF1-521B-4665-ADAE-C55E1C4898CE}.ACADAppTest|Any CPU.Build.0 = Release|Any CPU
		{E63BEBF1-521B-4665-ADAE-C55E1C4898CE}.ACADAppTest|x64.ActiveCfg = Release|x64
		{E63BEBF1-521B-4665-ADAE-C55E1C4898CE}.ACADAppTest|x64.Build.0 = Release|x64
		{E63BEBF1-521B-4665-ADAE-C55E1C4898CE}.AppTest|Any CPU.ActiveCfg = Debug|Any CPU
		{E63BEBF1-521B-4665-ADAE-C55E1C4898CE}.AppTest|Any CPU.Build.0 = Debug|Any CPU
		{E63BEBF1-521B-4665-ADAE-C55E1C4898CE}.AppTest|x64.ActiveCfg = Release|x64
		{E63BEBF1-521B-4665-ADAE-C55E1C4898CE}.AppTest|x64.Build.0 = Release|x64
		{E63BEBF1-521B-4665-ADAE-C55E1C4898CE}.Debug|Any CPU.ActiveCfg = Debug|Any CPU
		{E63BEBF1-521B-4665-ADAE-C55E1C4898CE}.Debug|Any CPU.Build.0 = Debug|Any CPU
		{E63BEBF1-521B-4665-ADAE-C55E1C4898CE}.Debug|x64.ActiveCfg = Debug|x64
		{E63BEBF1-521B-4665-ADAE-C55E1C4898CE}.Debug|x64.Build.0 = Debug|x64
		{E63BEBF1-521B-4665-ADAE-C55E1C4898CE}.Release|Any CPU.ActiveCfg = Release|Any CPU
		{E63BEBF1-521B-4665-ADAE-C55E1C4898CE}.Release|Any CPU.Build.0 = Release|Any CPU
		{E63BEBF1-521B-4665-ADAE-C55E1C4898CE}.Release|x64.ActiveCfg = Release|x64
		{E63BEBF1-521B-4665-ADAE-C55E1C4898CE}.Release|x64.Build.0 = Release|x64
		{0D9B48BE-20B0-4C41-880D-A42B2A491218}.ACADAppTest|Any CPU.ActiveCfg = Release|Any CPU
		{0D9B48BE-20B0-4C41-880D-A42B2A491218}.ACADAppTest|x64.ActiveCfg = Release|x64
		{0D9B48BE-20B0-4C41-880D-A42B2A491218}.ACADAppTest|x64.Build.0 = Release|x64
		{0D9B48BE-20B0-4C41-880D-A42B2A491218}.AppTest|Any CPU.ActiveCfg = AppTest|Any CPU
		{0D9B48BE-20B0-4C41-880D-A42B2A491218}.AppTest|Any CPU.Build.0 = AppTest|Any CPU
		{0D9B48BE-20B0-4C41-880D-A42B2A491218}.AppTest|x64.ActiveCfg = AppTest|x64
		{0D9B48BE-20B0-4C41-880D-A42B2A491218}.AppTest|x64.Build.0 = AppTest|x64
		{0D9B48BE-20B0-4C41-880D-A42B2A491218}.Debug|Any CPU.ActiveCfg = Debug|Any CPU
		{0D9B48BE-20B0-4C41-880D-A42B2A491218}.Debug|Any CPU.Build.0 = Debug|Any CPU
		{0D9B48BE-20B0-4C41-880D-A42B2A491218}.Debug|x64.ActiveCfg = Debug|x64
		{0D9B48BE-20B0-4C41-880D-A42B2A491218}.Debug|x64.Build.0 = Debug|x64
		{0D9B48BE-20B0-4C41-880D-A42B2A491218}.Release|Any CPU.ActiveCfg = Release|Any CPU
		{0D9B48BE-20B0-4C41-880D-A42B2A491218}.Release|Any CPU.Build.0 = Release|Any CPU
		{0D9B48BE-20B0-4C41-880D-A42B2A491218}.Release|x64.ActiveCfg = Release|x64
		{A1D4E5CA-1012-40BF-919B-027DF94AA045}.ACADAppTest|Any CPU.ActiveCfg = ACADConsoleTest|Any CPU
		{A1D4E5CA-1012-40BF-919B-027DF94AA045}.ACADAppTest|Any CPU.Build.0 = ACADConsoleTest|Any CPU
		{A1D4E5CA-1012-40BF-919B-027DF94AA045}.ACADAppTest|x64.ActiveCfg = Release|x64
		{A1D4E5CA-1012-40BF-919B-027DF94AA045}.ACADAppTest|x64.Build.0 = Release|x64
		{A1D4E5CA-1012-40BF-919B-027DF94AA045}.AppTest|Any CPU.ActiveCfg = ACADConsoleTest|Any CPU
		{A1D4E5CA-1012-40BF-919B-027DF94AA045}.AppTest|Any CPU.Build.0 = ACADConsoleTest|Any CPU
		{A1D4E5CA-1012-40BF-919B-027DF94AA045}.AppTest|x64.ActiveCfg = Release|x64
		{A1D4E5CA-1012-40BF-919B-027DF94AA045}.AppTest|x64.Build.0 = Release|x64
		{A1D4E5CA-1012-40BF-919B-027DF94AA045}.Debug|Any CPU.ActiveCfg = Debug|Any CPU
		{A1D4E5CA-1012-40BF-919B-027DF94AA045}.Debug|Any CPU.Build.0 = Debug|Any CPU
		{A1D4E5CA-1012-40BF-919B-027DF94AA045}.Debug|x64.ActiveCfg = Debug|x64
		{A1D4E5CA-1012-40BF-919B-027DF94AA045}.Debug|x64.Build.0 = Debug|x64
		{A1D4E5CA-1012-40BF-919B-027DF94AA045}.Release|Any CPU.ActiveCfg = Release|Any CPU
		{A1D4E5CA-1012-40BF-919B-027DF94AA045}.Release|Any CPU.Build.0 = Release|Any CPU
		{A1D4E5CA-1012-40BF-919B-027DF94AA045}.Release|x64.ActiveCfg = Release|x64
		{A1D4E5CA-1012-40BF-919B-027DF94AA045}.Release|x64.Build.0 = Release|x64
		{939D79C6-A85B-42CA-8873-406C9AA56A94}.ACADAppTest|Any CPU.ActiveCfg = Debug|Any CPU
		{939D79C6-A85B-42CA-8873-406C9AA56A94}.ACADAppTest|Any CPU.Build.0 = Debug|Any CPU
		{939D79C6-A85B-42CA-8873-406C9AA56A94}.ACADAppTest|x64.ActiveCfg = Debug|x64
		{939D79C6-A85B-42CA-8873-406C9AA56A94}.ACADAppTest|x64.Build.0 = Debug|x64
		{939D79C6-A85B-42CA-8873-406C9AA56A94}.AppTest|Any CPU.ActiveCfg = Debug|Any CPU
		{939D79C6-A85B-42CA-8873-406C9AA56A94}.AppTest|Any CPU.Build.0 = Debug|Any CPU
		{939D79C6-A85B-42CA-8873-406C9AA56A94}.AppTest|x64.ActiveCfg = Debug|x64
		{939D79C6-A85B-42CA-8873-406C9AA56A94}.AppTest|x64.Build.0 = Debug|x64
		{939D79C6-A85B-42CA-8873-406C9AA56A94}.Debug|Any CPU.ActiveCfg = Debug|Any CPU
		{939D79C6-A85B-42CA-8873-406C9AA56A94}.Debug|Any CPU.Build.0 = Debug|Any CPU
		{939D79C6-A85B-42CA-8873-406C9AA56A94}.Debug|x64.ActiveCfg = Debug|x64
		{939D79C6-A85B-42CA-8873-406C9AA56A94}.Debug|x64.Build.0 = Debug|x64
		{939D79C6-A85B-42CA-8873-406C9AA56A94}.Release|Any CPU.ActiveCfg = Release|Any CPU
		{939D79C6-A85B-42CA-8873-406C9AA56A94}.Release|Any CPU.Build.0 = Release|Any CPU
		{939D79C6-A85B-42CA-8873-406C9AA56A94}.Release|x64.ActiveCfg = Release|x64
		{939D79C6-A85B-42CA-8873-406C9AA56A94}.Release|x64.Build.0 = Release|x64
		{B27C5FF7-B35B-4407-9036-392E16613560}.ACADAppTest|Any CPU.ActiveCfg = Debug|Any CPU
		{B27C5FF7-B35B-4407-9036-392E16613560}.ACADAppTest|Any CPU.Build.0 = Debug|Any CPU
		{B27C5FF7-B35B-4407-9036-392E16613560}.ACADAppTest|x64.ActiveCfg = Debug|Any CPU
		{B27C5FF7-B35B-4407-9036-392E16613560}.ACADAppTest|x64.Build.0 = Debug|Any CPU
		{B27C5FF7-B35B-4407-9036-392E16613560}.AppTest|Any CPU.ActiveCfg = Debug|Any CPU
		{B27C5FF7-B35B-4407-9036-392E16613560}.AppTest|Any CPU.Build.0 = Debug|Any CPU
		{B27C5FF7-B35B-4407-9036-392E16613560}.AppTest|x64.ActiveCfg = Debug|Any CPU
		{B27C5FF7-B35B-4407-9036-392E16613560}.AppTest|x64.Build.0 = Debug|Any CPU
		{B27C5FF7-B35B-4407-9036-392E16613560}.Debug|Any CPU.ActiveCfg = Debug|Any CPU
		{B27C5FF7-B35B-4407-9036-392E16613560}.Debug|Any CPU.Build.0 = Debug|Any CPU
		{B27C5FF7-B35B-4407-9036-392E16613560}.Debug|x64.ActiveCfg = Debug|Any CPU
		{B27C5FF7-B35B-4407-9036-392E16613560}.Debug|x64.Build.0 = Debug|Any CPU
		{B27C5FF7-B35B-4407-9036-392E16613560}.Release|Any CPU.ActiveCfg = Release|Any CPU
		{B27C5FF7-B35B-4407-9036-392E16613560}.Release|Any CPU.Build.0 = Release|Any CPU
		{B27C5FF7-B35B-4407-9036-392E16613560}.Release|x64.ActiveCfg = Release|Any CPU
		{B27C5FF7-B35B-4407-9036-392E16613560}.Release|x64.Build.0 = Release|Any CPU
	EndGlobalSection
	GlobalSection(SolutionProperties) = preSolution
		HideSolutionNode = FALSE
	EndGlobalSection
	GlobalSection(ExtensibilityGlobals) = postSolution
		SolutionGuid = {1B378C78-04E6-464B-8D52-2A677AE39A6E}
	EndGlobalSection
EndGlobal
